
Microsoft Visual Studio Solution File, Format Version 12.00
# Visual Studio Version 17
VisualStudioVersion = 17.14.36511.14 d17.14
MinimumVisualStudioVersion = 10.0.40219.1
Project("{FAE04EC0-301F-11D3-BF4B-00C04F79EFBC}") = "Api-Res-Kaosnet", "Api-Res-Kaosnet\Api-Res-Kaosnet.csproj", "{474F5DB7-4D86-4B54-9E7A-F1A3B47DC02D}"
EndProject
Global
	GlobalSection(SolutionConfigurationPlatforms) = preSolution
		Debug|Any CPU = Debug|Any CPU
		Release|Any CPU = Release|Any CPU
	EndGlobalSection
	GlobalSection(ProjectConfigurationPlatforms) = postSolution
		{474F5DB7-4D86-4B54-9E7A-F1A3B47DC02D}.Debug|Any CPU.ActiveCfg = Debug|Any CPU
		{474F5DB7-4D86-4B54-9E7A-F1A3B47DC02D}.Debug|Any CPU.Build.0 = Debug|Any CPU
		{474F5DB7-4D86-4B54-9E7A-F1A3B47DC02D}.Release|Any CPU.ActiveCfg = Release|Any CPU
		{474F5DB7-4D86-4B54-9E7A-F1A3B47DC02D}.Release|Any CPU.Build.0 = Release|Any CPU
	EndGlobalSection
	GlobalSection(SolutionProperties) = preSolution
		HideSolutionNode = FALSE
	EndGlobalSection
	GlobalSection(ExtensibilityGlobals) = postSolution
		SolutionGuid = {06D8A92A-B7C3-4FB3-B45D-DEA3C2E13E9E}
	EndGlobalSection
EndGlobal
